Microsoft Visual Studio Solution File, Format Version 8.00
Project("{8BC9CEB8-8B4A-11D0-8D11-00A0C91BC942}") = "cute_examples", "cute_examples\cute_examples\cute_examples.2003.vcproj", "{D929E2F1-8C2E-4F6B-BD89-7B8A93D64DBA}"
	ProjectSection(ProjectDependencies) = postProject
	EndProjectSection
EndProject
Project("{8BC9CEB8-8B4A-11D0-8D11-00A0C91BC942}") = "cute_lib", "cute_lib\cute_lib\cute_lib.2003.vcproj", "{50C308B0-B930-4EC8-BDA1-4645E88E3BBB}"
	ProjectSection(ProjectDependencies) = postProject
	EndProjectSection
EndProject
Project("{8BC9CEB8-8B4A-11D0-8D11-00A0C91BC942}") = "cute_tests", "cute_tests\cute_tests\cute_tests.2003.vcproj", "{6372D510-94DE-43E2-82D1-8C025FC1A770}"
	ProjectSection(ProjectDependencies) = postProject
	EndProjectSection
EndProject
Global
	GlobalSection(SolutionConfiguration) = preSolution
		Debug = Debug
		Release = Release
	EndGlobalSection
	GlobalSection(ProjectConfiguration) = postSolution
		{D929E2F1-8C2E-4F6B-BD89-7B8A93D64DBA}.Debug.ActiveCfg = Debug|Win32
		{D929E2F1-8C2E-4F6B-BD89-7B8A93D64DBA}.Debug.Build.0 = Debug|Win32
		{D929E2F1-8C2E-4F6B-BD89-7B8A93D64DBA}.Release.ActiveCfg = Release|Win32
		{D929E2F1-8C2E-4F6B-BD89-7B8A93D64DBA}.Release.Build.0 = Release|Win32
		{50C308B0-B930-4EC8-BDA1-4645E88E3BBB}.Debug.ActiveCfg = Debug|Win32
		{50C308B0-B930-4EC8-BDA1-4645E88E3BBB}.Release.ActiveCfg = Release|Win32
		{50C308B0-B930-4EC8-BDA1-4645E88E3BBB}.Release.Build.0 = Release|Win32
		{6372D510-94DE-43E2-82D1-8C025FC1A770}.Debug.ActiveCfg = Debug|Win32
		{6372D510-94DE-43E2-82D1-8C025FC1A770}.Debug.Build.0 = Debug|Win32
		{6372D510-94DE-43E2-82D1-8C025FC1A770}.Release.ActiveCfg = Release|Win32
		{6372D510-94DE-43E2-82D1-8C025FC1A770}.Release.Build.0 = Release|Win32
	EndGlobalSection
	GlobalSection(ExtensibilityGlobals) = postSolution
	EndGlobalSection
	GlobalSection(ExtensibilityAddIns) = postSolution
	EndGlobalSection
EndGlobal
