Microsoft Visual Studio Solution File, Format Version 9.00
# Visual Studio 2005
Project("{8BC9CEB8-8B4A-11D0-8D11-00A0C91BC942}") = "cute_examples", "cute_examples\cute_examples\cute_examples.vcproj", "{D929E2F1-8C2E-4F6B-BD89-7B8A93D64DBA}"
EndProject
Project("{8BC9CEB8-8B4A-11D0-8D11-00A0C91BC942}") = "cute_lib", "cute_lib\cute_lib\cute_lib.vcproj", "{50C308B0-B930-4EC8-BDA1-4645E88E3BBB}"
EndProject
Project("{8BC9CEB8-8B4A-11D0-8D11-00A0C91BC942}") = "cute_tests", "cute_tests\cute_tests\cute_tests.vcproj", "{6372D510-94DE-43E2-82D1-8C025FC1A770}"
EndProject
Global
	GlobalSection(SolutionConfigurationPlatforms) = preSolution
		Debug|Win32 = Debug|Win32
		Release|Win32 = Release|Win32
	EndGlobalSection
	GlobalSection(ProjectConfigurationPlatforms) = postSolution
		{D929E2F1-8C2E-4F6B-BD89-7B8A93D64DBA}.Debug|Win32.ActiveCfg = Debug|Win32
		{D929E2F1-8C2E-4F6B-BD89-7B8A93D64DBA}.Debug|Win32.Build.0 = Debug|Win32
		{D929E2F1-8C2E-4F6B-BD89-7B8A93D64DBA}.Release|Win32.ActiveCfg = Release|Win32
		{D929E2F1-8C2E-4F6B-BD89-7B8A93D64DBA}.Release|Win32.Build.0 = Release|Win32
		{50C308B0-B930-4EC8-BDA1-4645E88E3BBB}.Debug|Win32.ActiveCfg = Debug|Win32
		{50C308B0-B930-4EC8-BDA1-4645E88E3BBB}.Release|Win32.ActiveCfg = Release|Win32
		{50C308B0-B930-4EC8-BDA1-4645E88E3BBB}.Release|Win32.Build.0 = Release|Win32
		{6372D510-94DE-43E2-82D1-8C025FC1A770}.Debug|Win32.ActiveCfg = Debug|Win32
		{6372D510-94DE-43E2-82D1-8C025FC1A770}.Debug|Win32.Build.0 = Debug|Win32
		{6372D510-94DE-43E2-82D1-8C025FC1A770}.Release|Win32.ActiveCfg = Release|Win32
		{6372D510-94DE-43E2-82D1-8C025FC1A770}.Release|Win32.Build.0 = Release|Win32
	EndGlobalSection
	GlobalSection(SolutionProperties) = preSolution
		HideSolutionNode = FALSE
	EndGlobalSection
EndGlobal
